
Microsoft Visual Studio Solution File, Format Version 12.00
# Visual Studio Version 17
VisualStudioVersion = 17.2.32630.192
MinimumVisualStudioVersion = 10.0.40219.1
Project("{9A19103F-16F7-4668-BE54-9A1E7A4F7556}") = "Exercicio_NetCore50_Entity", "Exercicio_NetCore50_Entity.csproj", "{108567DD-336F-413F-A55E-371725BC7332}"
EndProject
Global
	GlobalSection(SolutionConfigurationPlatforms) = preSolution
		Debug|Any CPU = Debug|Any CPU
		Release|Any CPU = Release|Any CPU
	EndGlobalSection
	GlobalSection(ProjectConfigurationPlatforms) = postSolution
		{108567DD-336F-413F-A55E-371725BC7332}.Debug|Any CPU.ActiveCfg = Debug|Any CPU
		{108567DD-336F-413F-A55E-371725BC7332}.Debug|Any CPU.Build.0 = Debug|Any CPU
		{108567DD-336F-413F-A55E-371725BC7332}.Release|Any CPU.ActiveCfg = Release|Any CPU
		{108567DD-336F-413F-A55E-371725BC7332}.Release|Any CPU.Build.0 = Release|Any CPU
	EndGlobalSection
	GlobalSection(SolutionProperties) = preSolution
		HideSolutionNode = FALSE
	EndGlobalSection
	GlobalSection(ExtensibilityGlobals) = postSolution
		SolutionGuid = {A3D2E7BE-CD85-413C-89FF-37816CDE1BE7}
	EndGlobalSection
EndGlobal
